// !$*UTF8*$!
{
	archiveVersion = 1;
	classes = {
	};
	objectVersion = 56;
	objects = {

/* Begin PBXBuildFile section */
		FC5BDEDF2A66A7D300AD9BFE /* BeFitApp.swift in Sources */ = {isa = PBXBuildFile; fileRef = FC5BDEDE2A66A7D300AD9BFE /* BeFitApp.swift */; };
		FC5BDEE12A66A7D300AD9BFE /* ContentView.swift in Sources */ = {isa = PBXBuildFile; fileRef = FC5BDEE02A66A7D300AD9BFE /* ContentView.swift */; };
		FC5BDEE32A66A7D400AD9BFE /* Assets.xcassets in Resources */ = {isa = PBXBuildFile; fileRef = FC5BDEE22A66A7D400AD9BFE /* Assets.xcassets */; };
		FC5BDEE62A66A7D400AD9BFE /* Preview Assets.xcassets in Resources */ = {isa = PBXBuildFile; fileRef = FC5BDEE52A66A7D400AD9BFE /* Preview Assets.xcassets */; };
		FC5BDEF02A66A7D400AD9BFE /* BeFitTests.swift in Sources */ = {isa = PBXBuildFile; fileRef = FC5BDEEF2A66A7D400AD9BFE /* BeFitTests.swift */; };
		FC5BDEFA2A66A7D400AD9BFE /* BeFitUITests.swift in Sources */ = {isa = PBXBuildFile; fileRef = FC5BDEF92A66A7D400AD9BFE /* BeFitUITests.swift */; };
		FC5BDEFC2A66A7D400AD9BFE /* BeFitUITestsLaunchTests.swift in Sources */ = {isa = PBXBuildFile; fileRef = FC5BDEFB2A66A7D400AD9BFE /* BeFitUITestsLaunchTests.swift */; };
		FC5BDF0B2A66A83A00AD9BFE /* Ring.swift in Sources */ = {isa = PBXBuildFile; fileRef = FC5BDF0A2A66A83A00AD9BFE /* Ring.swift */; };
		FC5BDF0F2A66ABEA00AD9BFE /* Step.swift in Sources */ = {isa = PBXBuildFile; fileRef = FC5BDF0E2A66ABEA00AD9BFE /* Step.swift */; };
		FC5BDF112A66AD5F00AD9BFE /* Home.swift in Sources */ = {isa = PBXBuildFile; fileRef = FC5BDF102A66AD5F00AD9BFE /* Home.swift */; };
		FC5BDF492A675A6800AD9BFE /* FitnessRingCard.swift in Sources */ = {isa = PBXBuildFile; fileRef = FC5BDF482A675A6800AD9BFE /* FitnessRingCard.swift */; };
		FC5BDF4D2A6978E900AD9BFE /* WorkoutPieChartView.swift in Sources */ = {isa = PBXBuildFile; fileRef = FC5BDF4C2A6978E900AD9BFE /* WorkoutPieChartView.swift */; };
		FC5BDF502A697E1900AD9BFE /* SwiftUICharts in Frameworks */ = {isa = PBXBuildFile; productRef = FC5BDF4F2A697E1900AD9BFE /* SwiftUICharts */; };
		FC5BDF522A697F3500AD9BFE /* Workout.swift in Sources */ = {isa = PBXBuildFile; fileRef = FC5BDF512A697F3500AD9BFE /* Workout.swift */; };
/* End PBXBuildFile section */

/* Begin PBXContainerItemProxy section */
		FC5BDEEC2A66A7D400AD9BFE /* PBXContainerItemProxy */ = {
			isa = PBXContainerItemProxy;
			containerPortal = FC5BDED32A66A7D200AD9BFE /* Project object */;
			proxyType = 1;
			remoteGlobalIDString = FC5BDEDA2A66A7D300AD9BFE;
			remoteInfo = BeFit;
		};
		FC5BDEF62A66A7D400AD9BFE /* PBXContainerItemProxy */ = {
			isa = PBXContainerItemProxy;
			containerPortal = FC5BDED32A66A7D200AD9BFE /* Project object */;
			proxyType = 1;
			remoteGlobalIDString = FC5BDEDA2A66A7D300AD9BFE;
			remoteInfo = BeFit;
		};
/* End PBXContainerItemProxy section */

/* Begin PBXFileReference section */
		FC5BDEDB2A66A7D300AD9BFE /* BeFit.app */ = {isa = PBXFileReference; explicitFileType = wrapper.application; includeInIndex = 0; path = BeFit.app; sourceTree = BUILT_PRODUCTS_DIR; };
		FC5BDEDE2A66A7D300AD9BFE /* BeFitApp.swift */ = {isa = PBXFileReference; lastKnownFileType = sourcecode.swift; path = BeFitApp.swift; sourceTree = "<group>"; };
		FC5BDEE02A66A7D300AD9BFE /* ContentView.swift */ = {isa = PBXFileReference; lastKnownFileType = sourcecode.swift; path = ContentView.swift; sourceTree = "<group>"; };
		FC5BDEE22A66A7D400AD9BFE /* Assets.xcassets */ = {isa = PBXFileReference; lastKnownFileType = folder.assetcatalog; path = Assets.xcassets; sourceTree = "<group>"; };
		FC5BDEE52A66A7D400AD9BFE /* Preview Assets.xcassets */ = {isa = PBXFileReference; lastKnownFileType = folder.assetcatalog; path = "Preview Assets.xcassets"; sourceTree = "<group>"; };
		FC5BDEEB2A66A7D400AD9BFE /* BeFitTests.xctest */ = {isa = PBXFileReference; explicitFileType = wrapper.cfbundle; includeInIndex = 0; path = BeFitTests.xctest; sourceTree = BUILT_PRODUCTS_DIR; };
		FC5BDEEF2A66A7D400AD9BFE /* BeFitTests.swift */ = {isa = PBXFileReference; lastKnownFileType = sourcecode.swift; path = BeFitTests.swift; sourceTree = "<group>"; };
		FC5BDEF52A66A7D400AD9BFE /* BeFitUITests.xctest */ = {isa = PBXFileReference; explicitFileType = wrapper.cfbundle; includeInIndex = 0; path = BeFitUITests.xctest; sourceTree = BUILT_PRODUCTS_DIR; };
		FC5BDEF92A66A7D400AD9BFE /* BeFitUITests.swift */ = {isa = PBXFileReference; lastKnownFileType = sourcecode.swift; path = BeFitUITests.swift; sourceTree = "<group>"; };
		FC5BDEFB2A66A7D400AD9BFE /* BeFitUITestsLaunchTests.swift */ = {isa = PBXFileReference; lastKnownFileType = sourcecode.swift; path = BeFitUITestsLaunchTests.swift; sourceTree = "<group>"; };
		FC5BDF0A2A66A83A00AD9BFE /* Ring.swift */ = {isa = PBXFileReference; lastKnownFileType = sourcecode.swift; path = Ring.swift; sourceTree = "<group>"; };
		FC5BDF0E2A66ABEA00AD9BFE /* Step.swift */ = {isa = PBXFileReference; lastKnownFileType = sourcecode.swift; path = Step.swift; sourceTree = "<group>"; };
		FC5BDF102A66AD5F00AD9BFE /* Home.swift */ = {isa = PBXFileReference; lastKnownFileType = sourcecode.swift; path = Home.swift; sourceTree = "<group>"; };
		FC5BDF482A675A6800AD9BFE /* FitnessRingCard.swift */ = {isa = PBXFileReference; lastKnownFileType = sourcecode.swift; path = FitnessRingCard.swift; sourceTree = "<group>"; };
		FC5BDF4C2A6978E900AD9BFE /* WorkoutPieChartView.swift */ = {isa = PBXFileReference; lastKnownFileType = sourcecode.swift; path = WorkoutPieChartView.swift; sourceTree = "<group>"; };
		FC5BDF512A697F3500AD9BFE /* Workout.swift */ = {isa = PBXFileReference; lastKnownFileType = sourcecode.swift; path = Workout.swift; sourceTree = "<group>"; };
/* End PBXFileReference section */

/* Begin PBXFrameworksBuildPhase section */
		FC5BDED82A66A7D300AD9BFE /* Frameworks */ = {
			isa = PBXFrameworksBuildPhase;
			buildActionMask = 2147483647;
			files = (
				FC5BDF502A697E1900AD9BFE /* SwiftUICharts in Frameworks */,
			);
			runOnlyForDeploymentPostprocessing = 0;
		};
		FC5BDEE82A66A7D400AD9BFE /* Frameworks */ = {
			isa = PBXFrameworksBuildPhase;
			buildActionMask = 2147483647;
			files = (
			);
			runOnlyForDeploymentPostprocessing = 0;
		};
		FC5BDEF22A66A7D400AD9BFE /* Frameworks */ = {
			isa = PBXFrameworksBuildPhase;
			buildActionMask = 2147483647;
			files = (
			);
			runOnlyForDeploymentPostprocessing = 0;
		};
/* End PBXFrameworksBuildPhase section */

/* Begin PBXGroup section */
		FC5BDED22A66A7D200AD9BFE = {
			isa = PBXGroup;
			children = (
				FC5BDEDD2A66A7D300AD9BFE /* BeFit */,
				FC5BDEEE2A66A7D400AD9BFE /* BeFitTests */,
				FC5BDEF82A66A7D400AD9BFE /* BeFitUITests */,
				FC5BDEDC2A66A7D300AD9BFE /* Products */,
			);
			sourceTree = "<group>";
		};
		FC5BDEDC2A66A7D300AD9BFE /* Products */ = {
			isa = PBXGroup;
			children = (
				FC5BDEDB2A66A7D300AD9BFE /* BeFit.app */,
				FC5BDEEB2A66A7D400AD9BFE /* BeFitTests.xctest */,
				FC5BDEF52A66A7D400AD9BFE /* BeFitUITests.xctest */,
			);
			name = Products;
			sourceTree = "<group>";
		};
		FC5BDEDD2A66A7D300AD9BFE /* BeFit */ = {
			isa = PBXGroup;
			children = (
				FC5BDF092A66A82500AD9BFE /* View */,
				FC5BDF082A66A81F00AD9BFE /* Model */,
				FC5BDEDE2A66A7D300AD9BFE /* BeFitApp.swift */,
				FC5BDEE02A66A7D300AD9BFE /* ContentView.swift */,
				FC5BDEE22A66A7D400AD9BFE /* Assets.xcassets */,
				FC5BDEE42A66A7D400AD9BFE /* Preview Content */,
			);
			path = BeFit;
			sourceTree = "<group>";
		};
		FC5BDEE42A66A7D400AD9BFE /* Preview Content */ = {
			isa = PBXGroup;
			children = (
				FC5BDEE52A66A7D400AD9BFE /* Preview Assets.xcassets */,
			);
			path = "Preview Content";
			sourceTree = "<group>";
		};
		FC5BDEEE2A66A7D400AD9BFE /* BeFitTests */ = {
			isa = PBXGroup;
			children = (
				FC5BDEEF2A66A7D400AD9BFE /* BeFitTests.swift */,
			);
			path = BeFitTests;
			sourceTree = "<group>";
		};
		FC5BDEF82A66A7D400AD9BFE /* BeFitUITests */ = {
			isa = PBXGroup;
			children = (
				FC5BDEF92A66A7D400AD9BFE /* BeFitUITests.swift */,
				FC5BDEFB2A66A7D400AD9BFE /* BeFitUITestsLaunchTests.swift */,
			);
			path = BeFitUITests;
			sourceTree = "<group>";
		};
		FC5BDF082A66A81F00AD9BFE /* Model */ = {
			isa = PBXGroup;
			children = (
				FC5BDF0A2A66A83A00AD9BFE /* Ring.swift */,
				FC5BDF0E2A66ABEA00AD9BFE /* Step.swift */,
				FC5BDF512A697F3500AD9BFE /* Workout.swift */,
			);
			path = Model;
			sourceTree = "<group>";
		};
		FC5BDF092A66A82500AD9BFE /* View */ = {
			isa = PBXGroup;
			children = (
				FC5BDF102A66AD5F00AD9BFE /* Home.swift */,
				FC5BDF482A675A6800AD9BFE /* FitnessRingCard.swift */,
				FC5BDF4C2A6978E900AD9BFE /* WorkoutPieChartView.swift */,
			);
			path = View;
			sourceTree = "<group>";
		};
/* End PBXGroup section */

/* Begin PBXNativeTarget section */
		FC5BDEDA2A66A7D300AD9BFE /* BeFit */ = {
			isa = PBXNativeTarget;
			buildConfigurationList = FC5BDEFF2A66A7D400AD9BFE /* Build configuration list for PBXNativeTarget "BeFit" */;
			buildPhases = (
				FC5BDED72A66A7D300AD9BFE /* Sources */,
				FC5BDED82A66A7D300AD9BFE /* Frameworks */,
				FC5BDED92A66A7D300AD9BFE /* Resources */,
			);
			buildRules = (
			);
			dependencies = (
			);
			name = BeFit;
			packageProductDependencies = (
				FC5BDF4F2A697E1900AD9BFE /* SwiftUICharts */,
			);
			productName = BeFit;
			productReference = FC5BDEDB2A66A7D300AD9BFE /* BeFit.app */;
			productType = "com.apple.product-type.application";
		};
		FC5BDEEA2A66A7D400AD9BFE /* BeFitTests */ = {
			isa = PBXNativeTarget;
			buildConfigurationList = FC5BDF022A66A7D400AD9BFE /* Build configuration list for PBXNativeTarget "BeFitTests" */;
			buildPhases = (
				FC5BDEE72A66A7D400AD9BFE /* Sources */,
				FC5BDEE82A66A7D400AD9BFE /* Frameworks */,
				FC5BDEE92A66A7D400AD9BFE /* Resources */,
			);
			buildRules = (
			);
			dependencies = (
				FC5BDEED2A66A7D400AD9BFE /* PBXTargetDependency */,
			);
			name = BeFitTests;
			productName = BeFitTests;
			productReference = FC5BDEEB2A66A7D400AD9BFE /* BeFitTests.xctest */;
			productType = "com.apple.product-type.bundle.unit-test";
		};
		FC5BDEF42A66A7D400AD9BFE /* BeFitUITests */ = {
			isa = PBXNativeTarget;
			buildConfigurationList = FC5BDF052A66A7D400AD9BFE /* Build configuration list for PBXNativeTarget "BeFitUITests" */;
			buildPhases = (
				FC5BDEF12A66A7D400AD9BFE /* Sources */,
				FC5BDEF22A66A7D400AD9BFE /* Frameworks */,
				FC5BDEF32A66A7D400AD9BFE /* Resources */,
			);
			buildRules = (
			);
			dependencies = (
				FC5BDEF72A66A7D400AD9BFE /* PBXTargetDependency */,
			);
			name = BeFitUITests;
			productName = BeFitUITests;
			productReference = FC5BDEF52A66A7D400AD9BFE /* BeFitUITests.xctest */;
			productType = "com.apple.product-type.bundle.ui-testing";
		};
/* End PBXNativeTarget section */

/* Begin PBXProject section */
		FC5BDED32A66A7D200AD9BFE /* Project object */ = {
			isa = PBXProject;
			attributes = {
				BuildIndependentTargetsInParallel = 1;
				LastSwiftUpdateCheck = 1430;
				LastUpgradeCheck = 1430;
				TargetAttributes = {
					FC5BDEDA2A66A7D300AD9BFE = {
						CreatedOnToolsVersion = 14.3.1;
					};
					FC5BDEEA2A66A7D400AD9BFE = {
						CreatedOnToolsVersion = 14.3.1;
						TestTargetID = FC5BDEDA2A66A7D300AD9BFE;
					};
					FC5BDEF42A66A7D400AD9BFE = {
						CreatedOnToolsVersion = 14.3.1;
						TestTargetID = FC5BDEDA2A66A7D300AD9BFE;
					};
				};
			};
			buildConfigurationList = FC5BDED62A66A7D200AD9BFE /* Build configuration list for PBXProject "BeFit" */;
			compatibilityVersion = "Xcode 14.0";
			developmentRegion = en;
			hasScannedForEncodings = 0;
			knownRegions = (
				en,
				Base,
			);
			mainGroup = FC5BDED22A66A7D200AD9BFE;
			packageReferences = (
				FC5BDF4E2A697E1900AD9BFE /* XCRemoteSwiftPackageReference "ChartView" */,
			);
			productRefGroup = FC5BDEDC2A66A7D300AD9BFE /* Products */;
			projectDirPath = "";
			projectRoot = "";
			targets = (
				FC5BDEDA2A66A7D300AD9BFE /* BeFit */,
				FC5BDEEA2A66A7D400AD9BFE /* BeFitTests */,
				FC5BDEF42A66A7D400AD9BFE /* BeFitUITests */,
			);
		};
/* End PBXProject section */

/* Begin PBXResourcesBuildPhase section */
		FC5BDED92A66A7D300AD9BFE /* Resources */ = {
			isa = PBXResourcesBuildPhase;
			buildActionMask = 2147483647;
			files = (
				FC5BDEE62A66A7D400AD9BFE /* Preview Assets.xcassets in Resources */,
				FC5BDEE32A66A7D400AD9BFE /* Assets.xcassets in Resources */,
			);
			runOnlyForDeploymentPostprocessing = 0;
		};
		FC5BDEE92A66A7D400AD9BFE /* Resources */ = {
			isa = PBXResourcesBuildPhase;
			buildActionMask = 2147483647;
			files = (
			);
			runOnlyForDeploymentPostprocessing = 0;
		};
		FC5BDEF32A66A7D400AD9BFE /* Resources */ = {
			isa = PBXResourcesBuildPhase;
			buildActionMask = 2147483647;
			files = (
			);
			runOnlyForDeploymentPostprocessing = 0;
		};
/* End PBXResourcesBuildPhase section */

/* Begin PBXSourcesBuildPhase section */
		FC5BDED72A66A7D300AD9BFE /* Sources */ = {
			isa = PBXSourcesBuildPhase;
			buildActionMask = 2147483647;
			files = (
				FC5BDEE12A66A7D300AD9BFE /* ContentView.swift in Sources */,
				FC5BDF0F2A66ABEA00AD9BFE /* Step.swift in Sources */,
				FC5BDF4D2A6978E900AD9BFE /* WorkoutPieChartView.swift in Sources */,
				FC5BDF522A697F3500AD9BFE /* Workout.swift in Sources */,
				FC5BDF492A675A6800AD9BFE /* FitnessRingCard.swift in Sources */,
				FC5BDF112A66AD5F00AD9BFE /* Home.swift in Sources */,
				FC5BDF0B2A66A83A00AD9BFE /* Ring.swift in Sources */,
				FC5BDEDF2A66A7D300AD9BFE /* BeFitApp.swift in Sources */,
			);
			runOnlyForDeploymentPostprocessing = 0;
		};
		FC5BDEE72A66A7D400AD9BFE /* Sources */ = {
			isa = PBXSourcesBuildPhase;
			buildActionMask = 2147483647;
			files = (
				FC5BDEF02A66A7D400AD9BFE /* BeFitTests.swift in Sources */,
			);
			runOnlyForDeploymentPostprocessing = 0;
		};
		FC5BDEF12A66A7D400AD9BFE /* Sources */ = {
			isa = PBXSourcesBuildPhase;
			buildActionMask = 2147483647;
			files = (
				FC5BDEFA2A66A7D400AD9BFE /* BeFitUITests.swift in Sources */,
				FC5BDEFC2A66A7D400AD9BFE /* BeFitUITestsLaunchTests.swift in Sources */,
			);
			runOnlyForDeploymentPostprocessing = 0;
		};
/* End PBXSourcesBuildPhase section */

/* Begin PBXTargetDependency section */
		FC5BDEED2A66A7D400AD9BFE /* PBXTargetDependency */ = {
			isa = PBXTargetDependency;
			target = FC5BDEDA2A66A7D300AD9BFE /* BeFit */;
			targetProxy = FC5BDEEC2A66A7D400AD9BFE /* PBXContainerItemProxy */;
		};
		FC5BDEF72A66A7D400AD9BFE /* PBXTargetDependency */ = {
			isa = PBXTargetDependency;
			target = FC5BDEDA2A66A7D300AD9BFE /* BeFit */;
			targetProxy = FC5BDEF62A66A7D400AD9BFE /* PBXContainerItemProxy */;
		};
/* End PBXTargetDependency section */

/* Begin XCBuildConfiguration section */
		FC5BDEFD2A66A7D400AD9BFE /* Debug */ = {
			isa = XCBuildConfiguration;
			buildSettings = {
				ALWAYS_SEARCH_USER_PATHS = NO;
				CLANG_ANALYZER_NONNULL = YES;
				CLANG_ANALYZER_NUMBER_OBJECT_CONVERSION = YES_AGGRESSIVE;
				CLANG_CXX_LANGUAGE_STANDARD = "gnu++20";
				CLANG_ENABLE_MODULES = YES;
				CLANG_ENABLE_OBJC_ARC = YES;
				CLANG_ENABLE_OBJC_WEAK = YES;
				CLANG_WARN_BLOCK_CAPTURE_AUTORELEASING = YES;
				CLANG_WARN_BOOL_CONVERSION = YES;
				CLANG_WARN_COMMA = YES;
				CLANG_WARN_CONSTANT_CONVERSION = YES;
				CLANG_WARN_DEPRECATED_OBJC_IMPLEMENTATIONS = YES;
				CLANG_WARN_DIRECT_OBJC_ISA_USAGE = YES_ERROR;
				CLANG_WARN_DOCUMENTATION_COMMENTS = YES;
				CLANG_WARN_EMPTY_BODY = YES;
				CLANG_WARN_ENUM_CONVERSION = YES;
				CLANG_WARN_INFINITE_RECURSION = YES;
				CLANG_WARN_INT_CONVERSION = YES;
				CLANG_WARN_NON_LITERAL_NULL_CONVERSION = YES;
				CLANG_WARN_OBJC_IMPLICIT_RETAIN_SELF = YES;
				CLANG_WARN_OBJC_LITERAL_CONVERSION = YES;
				CLANG_WARN_OBJC_ROOT_CLASS = YES_ERROR;
				CLANG_WARN_QUOTED_INCLUDE_IN_FRAMEWORK_HEADER = YES;
				CLANG_WARN_RANGE_LOOP_ANALYSIS = YES;
				CLANG_WARN_STRICT_PROTOTYPES = YES;
				CLANG_WARN_SUSPICIOUS_MOVE = YES;
				CLANG_WARN_UNGUARDED_AVAILABILITY = YES_AGGRESSIVE;
				CLANG_WARN_UNREACHABLE_CODE = YES;
				CLANG_WARN__DUPLICATE_METHOD_MATCH = YES;
				COPY_PHASE_STRIP = NO;
				DEBUG_INFORMATION_FORMAT = dwarf;
				ENABLE_STRICT_OBJC_MSGSEND = YES;
				ENABLE_TESTABILITY = YES;
				GCC_C_LANGUAGE_STANDARD = gnu11;
				GCC_DYNAMIC_NO_PIC = NO;
				GCC_NO_COMMON_BLOCKS = YES;
				GCC_OPTIMIZATION_LEVEL = 0;
				GCC_PREPROCESSOR_DEFINITIONS = (
					"DEBUG=1",
					"$(inherited)",
				);
				GCC_WARN_64_TO_32_BIT_CONVERSION = YES;
				GCC_WARN_ABOUT_RETURN_TYPE = YES_ERROR;
				GCC_WARN_UNDECLARED_SELECTOR = YES;
				GCC_WARN_UNINITIALIZED_AUTOS = YES_AGGRESSIVE;
				GCC_WARN_UNUSED_FUNCTION = YES;
				GCC_WARN_UNUSED_VARIABLE = YES;
				IPHONEOS_DEPLOYMENT_TARGET = 16.4;
				MTL_ENABLE_DEBUG_INFO = INCLUDE_SOURCE;
				MTL_FAST_MATH = YES;
				ONLY_ACTIVE_ARCH = YES;
				SDKROOT = iphoneos;
				SWIFT_ACTIVE_COMPILATION_CONDITIONS = DEBUG;
				SWIFT_OPTIMIZATION_LEVEL = "-Onone";
			};
			name = Debug;
		};
		FC5BDEFE2A66A7D400AD9BFE /* Release */ = {
			isa = XCBuildConfiguration;
			buildSettings = {
				ALWAYS_SEARCH_USER_PATHS = NO;
				CLANG_ANALYZER_NONNULL = YES;
				CLANG_ANALYZER_NUMBER_OBJECT_CONVERSION = YES_AGGRESSIVE;
				CLANG_CXX_LANGUAGE_STANDARD = "gnu++20";
				CLANG_ENABLE_MODULES = YES;
				CLANG_ENABLE_OBJC_ARC = YES;
				CLANG_ENABLE_OBJC_WEAK = YES;
				CLANG_WARN_BLOCK_CAPTURE_AUTORELEASING = YES;
				CLANG_WARN_BOOL_CONVERSION = YES;
				CLANG_WARN_COMMA = YES;
				CLANG_WARN_CONSTANT_CONVERSION = YES;
				CLANG_WARN_DEPRECATED_OBJC_IMPLEMENTATIONS = YES;
				CLANG_WARN_DIRECT_OBJC_ISA_USAGE = YES_ERROR;
				CLANG_WARN_DOCUMENTATION_COMMENTS = YES;
				CLANG_WARN_EMPTY_BODY = YES;
				CLANG_WARN_ENUM_CONVERSION = YES;
				CLANG_WARN_INFINITE_RECURSION = YES;
				CLANG_WARN_INT_CONVERSION = YES;
				CLANG_WARN_NON_LITERAL_NULL_CONVERSION = YES;
				CLANG_WARN_OBJC_IMPLICIT_RETAIN_SELF = YES;
				CLANG_WARN_OBJC_LITERAL_CONVERSION = YES;
				CLANG_WARN_OBJC_ROOT_CLASS = YES_ERROR;
				CLANG_WARN_QUOTED_INCLUDE_IN_FRAMEWORK_HEADER = YES;
				CLANG_WARN_RANGE_LOOP_ANALYSIS = YES;
				CLANG_WARN_STRICT_PROTOTYPES = YES;
				CLANG_WARN_SUSPICIOUS_MOVE = YES;
				CLANG_WARN_UNGUARDED_AVAILABILITY = YES_AGGRESSIVE;
				CLANG_WARN_UNREACHABLE_CODE = YES;
				CLANG_WARN__DUPLICATE_METHOD_MATCH = YES;
				COPY_PHASE_STRIP = NO;
				DEBUG_INFORMATION_FORMAT = "dwarf-with-dsym";
				ENABLE_NS_ASSERTIONS = NO;
				ENABLE_STRICT_OBJC_MSGSEND = YES;
				GCC_C_LANGUAGE_STANDARD = gnu11;
				GCC_NO_COMMON_BLOCKS = YES;
				GCC_WARN_64_TO_32_BIT_CONVERSION = YES;
				GCC_WARN_ABOUT_RETURN_TYPE = YES_ERROR;
				GCC_WARN_UNDECLARED_SELECTOR = YES;
				GCC_WARN_UNINITIALIZED_AUTOS = YES_AGGRESSIVE;
				GCC_WARN_UNUSED_FUNCTION = YES;
				GCC_WARN_UNUSED_VARIABLE = YES;
				IPHONEOS_DEPLOYMENT_TARGET = 16.4;
				MTL_ENABLE_DEBUG_INFO = NO;
				MTL_FAST_MATH = YES;
				SDKROOT = iphoneos;
				SWIFT_COMPILATION_MODE = wholemodule;
				SWIFT_OPTIMIZATION_LEVEL = "-O";
				VALIDATE_PRODUCT = YES;
			};
			name = Release;
		};
		FC5BDF002A66A7D400AD9BFE /* Debug */ = {
			isa = XCBuildConfiguration;
			buildSettings = {
				ASSETCATALOG_COMPILER_APPICON_NAME = AppIcon;
				ASSETCATALOG_COMPILER_GLOBAL_ACCENT_COLOR_NAME = AccentColor;
				CODE_SIGN_STYLE = Automatic;
				CURRENT_PROJECT_VERSION = 1;
				DEVELOPMENT_ASSET_PATHS = "\"BeFit/Preview Content\"";
				DEVELOPMENT_TEAM = SFFBTGJ4GF;
				ENABLE_PREVIEWS = YES;
				GENERATE_INFOPLIST_FILE = YES;
				INFOPLIST_KEY_UIApplicationSceneManifest_Generation = YES;
				INFOPLIST_KEY_UIApplicationSupportsIndirectInputEvents = YES;
				INFOPLIST_KEY_UILaunchScreen_Generation = YES;
				INFOPLIST_KEY_UISupportedInterfaceOrientations_iPad = "UIInterfaceOrientationPortrait UIInterfaceOrientationPortraitUpsideDown UIInterfaceOrientationLandscapeLeft UIInterfaceOrientationLandscapeRight";
				INFOPLIST_KEY_UISupportedInterfaceOrientations_iPhone = "UIInterfaceOrientationPortrait UIInterfaceOrientationLandscapeLeft UIInterfaceOrientationLandscapeRight";
				LD_RUNPATH_SEARCH_PATHS = (
					"$(inherited)",
					"@executable_path/Frameworks",
				);
				MARKETING_VERSION = 1.0;
				PRODUCT_BUNDLE_IDENTIFIER = com.EduardKakosyan.BeFit;
				PRODUCT_NAME = "$(TARGET_NAME)";
				SWIFT_EMIT_LOC_STRINGS = YES;
				SWIFT_VERSION = 5.0;
				TARGETED_DEVICE_FAMILY = "1,2";
			};
			name = Debug;
		};
		FC5BDF012A66A7D400AD9BFE /* Release */ = {
			isa = XCBuildConfiguration;
			buildSettings = {
				ASSETCATALOG_COMPILER_APPICON_NAME = AppIcon;
				ASSETCATALOG_COMPILER_GLOBAL_ACCENT_COLOR_NAME = AccentColor;
				CODE_SIGN_STYLE = Automatic;
				CURRENT_PROJECT_VERSION = 1;
				DEVELOPMENT_ASSET_PATHS = "\"BeFit/Preview Content\"";
				DEVELOPMENT_TEAM = SFFBTGJ4GF;
				ENABLE_PREVIEWS = YES;
				GENERATE_INFOPLIST_FILE = YES;
				INFOPLIST_KEY_UIApplicationSceneManifest_Generation = YES;
				INFOPLIST_KEY_UIApplicationSupportsIndirectInputEvents = YES;
				INFOPLIST_KEY_UILaunchScreen_Generation = YES;
				INFOPLIST_KEY_UISupportedInterfaceOrientations_iPad = "UIInterfaceOrientationPortrait UIInterfaceOrientationPortraitUpsideDown UIInterfaceOrientationLandscapeLeft UIInterfaceOrientationLandscapeRight";
				INFOPLIST_KEY_UISupportedInterfaceOrientations_iPhone = "UIInterfaceOrientationPortrait UIInterfaceOrientationLandscapeLeft UIInterfaceOrientationLandscapeRight";
				LD_RUNPATH_SEARCH_PATHS = (
					"$(inherited)",
					"@executable_path/Frameworks",
				);
				MARKETING_VERSION = 1.0;
				PRODUCT_BUNDLE_IDENTIFIER = com.EduardKakosyan.BeFit;
				PRODUCT_NAME = "$(TARGET_NAME)";
				SWIFT_EMIT_LOC_STRINGS = YES;
				SWIFT_VERSION = 5.0;
				TARGETED_DEVICE_FAMILY = "1,2";
			};
			name = Release;
		};
		FC5BDF032A66A7D400AD9BFE /* Debug */ = {
			isa = XCBuildConfiguration;
			buildSettings = {
				ALWAYS_EMBED_SWIFT_STANDARD_LIBRARIES = YES;
				BUNDLE_LOADER = "$(TEST_HOST)";
				CODE_SIGN_STYLE = Automatic;
				CURRENT_PROJECT_VERSION = 1;
				DEVELOPMENT_TEAM = SFFBTGJ4GF;
				GENERATE_INFOPLIST_FILE = YES;
				IPHONEOS_DEPLOYMENT_TARGET = 16.4;
				MARKETING_VERSION = 1.0;
				PRODUCT_BUNDLE_IDENTIFIER = com.EduardKakosyan.BeFitTests;
				PRODUCT_NAME = "$(TARGET_NAME)";
				SWIFT_EMIT_LOC_STRINGS = NO;
				SWIFT_VERSION = 5.0;
				TARGETED_DEVICE_FAMILY = "1,2";
				TEST_HOST = "$(BUILT_PRODUCTS_DIR)/BeFit.app/$(BUNDLE_EXECUTABLE_FOLDER_PATH)/BeFit";
			};
			name = Debug;
		};
		FC5BDF042A66A7D400AD9BFE /* Release */ = {
			isa = XCBuildConfiguration;
			buildSettings = {
				ALWAYS_EMBED_SWIFT_STANDARD_LIBRARIES = YES;
				BUNDLE_LOADER = "$(TEST_HOST)";
				CODE_SIGN_STYLE = Automatic;
				CURRENT_PROJECT_VERSION = 1;
				DEVELOPMENT_TEAM = SFFBTGJ4GF;
				GENERATE_INFOPLIST_FILE = YES;
				IPHONEOS_DEPLOYMENT_TARGET = 16.4;
				MARKETING_VERSION = 1.0;
				PRODUCT_BUNDLE_IDENTIFIER = com.EduardKakosyan.BeFitTests;
				PRODUCT_NAME = "$(TARGET_NAME)";
				SWIFT_EMIT_LOC_STRINGS = NO;
				SWIFT_VERSION = 5.0;
				TARGETED_DEVICE_FAMILY = "1,2";
				TEST_HOST = "$(BUILT_PRODUCTS_DIR)/BeFit.app/$(BUNDLE_EXECUTABLE_FOLDER_PATH)/BeFit";
			};
			name = Release;
		};
		FC5BDF062A66A7D400AD9BFE /* Debug */ = {
			isa = XCBuildConfiguration;
			buildSettings = {
				ALWAYS_EMBED_SWIFT_STANDARD_LIBRARIES = YES;
				CODE_SIGN_STYLE = Automatic;
				CURRENT_PROJECT_VERSION = 1;
				DEVELOPMENT_TEAM = SFFBTGJ4GF;
				GENERATE_INFOPLIST_FILE = YES;
				MARKETING_VERSION = 1.0;
				PRODUCT_BUNDLE_IDENTIFIER = com.EduardKakosyan.BeFitUITests;
				PRODUCT_NAME = "$(TARGET_NAME)";
				SWIFT_EMIT_LOC_STRINGS = NO;
				SWIFT_VERSION = 5.0;
				TARGETED_DEVICE_FAMILY = "1,2";
				TEST_TARGET_NAME = BeFit;
			};
			name = Debug;
		};
		FC5BDF072A66A7D400AD9BFE /* Release */ = {
			isa = XCBuildConfiguration;
			buildSettings = {
				ALWAYS_EMBED_SWIFT_STANDARD_LIBRARIES = YES;
				CODE_SIGN_STYLE = Automatic;
				CURRENT_PROJECT_VERSION = 1;
				DEVELOPMENT_TEAM = SFFBTGJ4GF;
				GENERATE_INFOPLIST_FILE = YES;
				MARKETING_VERSION = 1.0;
				PRODUCT_BUNDLE_IDENTIFIER = com.EduardKakosyan.BeFitUITests;
				PRODUCT_NAME = "$(TARGET_NAME)";
				SWIFT_EMIT_LOC_STRINGS = NO;
				SWIFT_VERSION = 5.0;
				TARGETED_DEVICE_FAMILY = "1,2";
				TEST_TARGET_NAME = BeFit;
			};
			name = Release;
		};
/* End XCBuildConfiguration section */

/* Begin XCConfigurationList section */
		FC5BDED62A66A7D200AD9BFE /* Build configuration list for PBXProject "BeFit" */ = {
			isa = XCConfigurationList;
			buildConfigurations = (
				FC5BDEFD2A66A7D400AD9BFE /* Debug */,
				FC5BDEFE2A66A7D400AD9BFE /* Release */,
			);
			defaultConfigurationIsVisible = 0;
			defaultConfigurationName = Release;
		};
		FC5BDEFF2A66A7D400AD9BFE /* Build configuration list for PBXNativeTarget "BeFit" */ = {
			isa = XCConfigurationList;
			buildConfigurations = (
				FC5BDF002A66A7D400AD9BFE /* Debug */,
				FC5BDF012A66A7D400AD9BFE /* Release */,
			);
			defaultConfigurationIsVisible = 0;
			defaultConfigurationName = Release;
		};
		FC5BDF022A66A7D400AD9BFE /* Build configuration list for PBXNativeTarget "BeFitTests" */ = {
			isa = XCConfigurationList;
			buildConfigurations = (
				FC5BDF032A66A7D400AD9BFE /* Debug */,
				FC5BDF042A66A7D400AD9BFE /* Release */,
			);
			defaultConfigurationIsVisible = 0;
			defaultConfigurationName = Release;
		};
		FC5BDF052A66A7D400AD9BFE /* Build configuration list for PBXNativeTarget "BeFitUITests" */ = {
			isa = XCConfigurationList;
			buildConfigurations = (
				FC5BDF062A66A7D400AD9BFE /* Debug */,
				FC5BDF072A66A7D400AD9BFE /* Release */,
			);
			defaultConfigurationIsVisible = 0;
			defaultConfigurationName = Release;
		};
/* End XCConfigurationList section */

/* Begin XCRemoteSwiftPackageReference section */
		FC5BDF4E2A697E1900AD9BFE /* XCRemoteSwiftPackageReference "ChartView" */ = {
			isa = XCRemoteSwiftPackageReference;
			repositoryURL = "https://github.com/AppPear/ChartView";
			requirement = {
				kind = upToNextMajorVersion;
				minimumVersion = 1.0.0;
			};
		};
/* End XCRemoteSwiftPackageReference section */

/* Begin XCSwiftPackageProductDependency section */
		FC5BDF4F2A697E1900AD9BFE /* SwiftUICharts */ = {
			isa = XCSwiftPackageProductDependency;
			package = FC5BDF4E2A697E1900AD9BFE /* XCRemoteSwiftPackageReference "ChartView" */;
			productName = SwiftUICharts;
		};
/* End XCSwiftPackageProductDependency section */
	};
	rootObject = FC5BDED32A66A7D200AD9BFE /* Project object */;
}
